
Microsoft Visual Studio Solution File, Format Version 12.00
# Visual Studio Version 17
VisualStudioVersion = 17.4.33213.308
MinimumVisualStudioVersion = 10.0.40219.1
Project("{9A19103F-16F7-4668-BE54-9A1E7A4F7556}") = "ApiTestProject", "ApiTestProject\ApiTestProject.csproj", "{8B898AF9-044F-48AD-8353-B6D473AA9A4D}"
EndProject
Project("{FAE04EC0-301F-11D3-BF4B-00C04F79EFBC}") = "UITestProject", "UITestProject\UITestProject.csproj", "{EB515C79-A272-4C2E-A328-63FF67FC6327}"
EndProject
Project("{2150E333-8FDC-42A3-9474-1A3956D46DE8}") = "Solution Items", "Solution Items", "{D4507697-225B-49EC-9BC9-8FFBC1B0E661}"
	ProjectSection(SolutionItems) = preProject
		README.md = README.md
	EndProjectSection
EndProject
Global
	GlobalSection(SolutionConfigurationPlatforms) = preSolution
		Debug|Any CPU = Debug|Any CPU
		Release|Any CPU = Release|Any CPU
	EndGlobalSection
	GlobalSection(ProjectConfigurationPlatforms) = postSolution
		{8B898AF9-044F-48AD-8353-B6D473AA9A4D}.Debug|Any CPU.ActiveCfg = Debug|Any CPU
		{8B898AF9-044F-48AD-8353-B6D473AA9A4D}.Debug|Any CPU.Build.0 = Debug|Any CPU
		{8B898AF9-044F-48AD-8353-B6D473AA9A4D}.Release|Any CPU.ActiveCfg = Release|Any CPU
		{8B898AF9-044F-48AD-8353-B6D473AA9A4D}.Release|Any CPU.Build.0 = Release|Any CPU
		{EB515C79-A272-4C2E-A328-63FF67FC6327}.Debug|Any CPU.ActiveCfg = Debug|Any CPU
		{EB515C79-A272-4C2E-A328-63FF67FC6327}.Debug|Any CPU.Build.0 = Debug|Any CPU
		{EB515C79-A272-4C2E-A328-63FF67FC6327}.Release|Any CPU.ActiveCfg = Release|Any CPU
		{EB515C79-A272-4C2E-A328-63FF67FC6327}.Release|Any CPU.Build.0 = Release|Any CPU
	EndGlobalSection
	GlobalSection(SolutionProperties) = preSolution
		HideSolutionNode = FALSE
	EndGlobalSection
	GlobalSection(ExtensibilityGlobals) = postSolution
		SolutionGuid = {2E9625E7-BBAE-4259-AE9A-C67B66664CC0}
	EndGlobalSection
EndGlobal
